
Microsoft Visual Studio Solution File, Format Version 12.00
Project("{FAE04EC0-301F-11D3-BF4B-00C04F79EFBC}") = "port", "port.csproj", "{402F8306-94B2-4D00-A364-B6CED0A448B0}"
EndProject
Global
	GlobalSection(SolutionConfigurationPlatforms) = preSolution
		Debug|Any CPU = Debug|Any CPU
		Release|Any CPU = Release|Any CPU
	EndGlobalSection
	GlobalSection(ProjectConfigurationPlatforms) = postSolution
		{402F8306-94B2-4D00-A364-B6CED0A448B0}.Debug|Any CPU.ActiveCfg = Debug|Any CPU
		{402F8306-94B2-4D00-A364-B6CED0A448B0}.Debug|Any CPU.Build.0 = Debug|Any CPU
		{402F8306-94B2-4D00-A364-B6CED0A448B0}.Release|Any CPU.ActiveCfg = Release|Any CPU
		{402F8306-94B2-4D00-A364-B6CED0A448B0}.Release|Any CPU.Build.0 = Release|Any CPU
	EndGlobalSection
EndGlobal
