
Microsoft Visual Studio Solution File, Format Version 12.00
# Visual Studio Version 17
VisualStudioVersion = 17.0.31903.59
MinimumVisualStudioVersion = 10.0.40219.1
Project("{FAE04EC0-301F-11D3-BF4B-00C04F79EFBC}") = "port", "port.csproj", "{24E09DBF-356A-4377-84B1-1E9D83A7B30F}"
EndProject
Project("{FAE04EC0-301F-11D3-BF4B-00C04F79EFBC}") = "port.IntegrationTests", "port.IntegrationTests\port.IntegrationTests.csproj", "{E58D3528-8703-4D11-BBDC-59AB16B5AEAF}"
EndProject
Global
	GlobalSection(SolutionConfigurationPlatforms) = preSolution
		Debug|Any CPU = Debug|Any CPU
		Release|Any CPU = Release|Any CPU
	EndGlobalSection
	GlobalSection(SolutionProperties) = preSolution
		HideSolutionNode = FALSE
	EndGlobalSection
	GlobalSection(ProjectConfigurationPlatforms) = postSolution
		{24E09DBF-356A-4377-84B1-1E9D83A7B30F}.Debug|Any CPU.ActiveCfg = Debug|Any CPU
		{24E09DBF-356A-4377-84B1-1E9D83A7B30F}.Debug|Any CPU.Build.0 = Debug|Any CPU
		{24E09DBF-356A-4377-84B1-1E9D83A7B30F}.Release|Any CPU.ActiveCfg = Release|Any CPU
		{24E09DBF-356A-4377-84B1-1E9D83A7B30F}.Release|Any CPU.Build.0 = Release|Any CPU
		{E58D3528-8703-4D11-BBDC-59AB16B5AEAF}.Debug|Any CPU.ActiveCfg = Debug|Any CPU
		{E58D3528-8703-4D11-BBDC-59AB16B5AEAF}.Debug|Any CPU.Build.0 = Debug|Any CPU
		{E58D3528-8703-4D11-BBDC-59AB16B5AEAF}.Release|Any CPU.ActiveCfg = Release|Any CPU
		{E58D3528-8703-4D11-BBDC-59AB16B5AEAF}.Release|Any CPU.Build.0 = Release|Any CPU
	EndGlobalSection
EndGlobal
